
Microsoft Visual Studio Solution File, Format Version 12.00
# Visual Studio Version 17
VisualStudioVersion = 17.0.31903.59
MinimumVisualStudioVersion = 10.0.40219.1
Project("{2150E333-8FDC-42A3-9474-1A3956D46DE8}") = "src", "src", "{827E0CD3-B72D-47B6-A68D-7590B98EB39B}"
EndProject
Project("{2150E333-8FDC-42A3-9474-1A3956D46DE8}") = "Modules", "Modules", "{EC447DCF-ABFA-6E24-52A5-D7FD48A5C558}"
EndProject
Project("{2150E333-8FDC-42A3-9474-1A3956D46DE8}") = "Orders", "Orders", "{CFD98C11-0354-2BE4-4011-BD6AEF12219D}"
EndProject
Project("{FAE04EC0-301F-11D3-BF4B-00C04F79EFBC}") = "Orders.Contracts", "src\Modules\Orders\Orders.Contracts\Orders.Contracts.csproj", "{051D9E34-CC0C-4D35-9B2B-32DFEB96E742}"
EndProject
Project("{FAE04EC0-301F-11D3-BF4B-00C04F79EFBC}") = "Orders.Module", "src\Modules\Orders\Orders.Module\Orders.Module.csproj", "{8E7D96EE-1332-43A7-A7AE-3B276AD9DF72}"
EndProject
Project("{FAE04EC0-301F-11D3-BF4B-00C04F79EFBC}") = "Inventory.Contracts", "src\Modules\Inventory\Inventory.Contracts\Inventory.Contracts.csproj", "{15AAA9B9-F5CB-4080-B030-3615E173A4B0}"
EndProject
Project("{FAE04EC0-301F-11D3-BF4B-00C04F79EFBC}") = "Inventory.Module", "src\Modules\Inventory\Inventory.Module\Inventory.Module.csproj", "{D2434912-4C69-4DB7-B135-55DC7AFC7CEB}"
EndProject
Project("{FAE04EC0-301F-11D3-BF4B-00C04F79EFBC}") = "Host", "src\Host\Host.csproj", "{7FDB2095-1DA0-4DFC-BAC8-E8825A1EABAF}"
EndProject
Project("{FAE04EC0-301F-11D3-BF4B-00C04F79EFBC}") = "ModularMonolith.Tests", "tests\ModularMonolith.Tests\ModularMonolith.Tests.csproj", "{3959DF51-685C-4293-AE35-1FB7D4A9ADEB}"
EndProject
Global
	GlobalSection(SolutionConfigurationPlatforms) = preSolution
		Debug|Any CPU = Debug|Any CPU
		Debug|x64 = Debug|x64
		Debug|x86 = Debug|x86
		Release|Any CPU = Release|Any CPU
		Release|x64 = Release|x64
		Release|x86 = Release|x86
	EndGlobalSection
	GlobalSection(ProjectConfigurationPlatforms) = postSolution
		{051D9E34-CC0C-4D35-9B2B-32DFEB96E742}.Debug|Any CPU.ActiveCfg = Debug|Any CPU
		{051D9E34-CC0C-4D35-9B2B-32DFEB96E742}.Debug|Any CPU.Build.0 = Debug|Any CPU
		{051D9E34-CC0C-4D35-9B2B-32DFEB96E742}.Debug|x64.ActiveCfg = Debug|Any CPU
		{051D9E34-CC0C-4D35-9B2B-32DFEB96E742}.Debug|x64.Build.0 = Debug|Any CPU
		{051D9E34-CC0C-4D35-9B2B-32DFEB96E742}.Debug|x86.ActiveCfg = Debug|Any CPU
		{051D9E34-CC0C-4D35-9B2B-32DFEB96E742}.Debug|x86.Build.0 = Debug|Any CPU
		{051D9E34-CC0C-4D35-9B2B-32DFEB96E742}.Release|Any CPU.ActiveCfg = Release|Any CPU
		{051D9E34-CC0C-4D35-9B2B-32DFEB96E742}.Release|Any CPU.Build.0 = Release|Any CPU
		{051D9E34-CC0C-4D35-9B2B-32DFEB96E742}.Release|x64.ActiveCfg = Release|Any CPU
		{051D9E34-CC0C-4D35-9B2B-32DFEB96E742}.Release|x64.Build.0 = Release|Any CPU
		{051D9E34-CC0C-4D35-9B2B-32DFEB96E742}.Release|x86.ActiveCfg = Release|Any CPU
		{051D9E34-CC0C-4D35-9B2B-32DFEB96E742}.Release|x86.Build.0 = Release|Any CPU
		{8E7D96EE-1332-43A7-A7AE-3B276AD9DF72}.Debug|Any CPU.ActiveCfg = Debug|Any CPU
		{8E7D96EE-1332-43A7-A7AE-3B276AD9DF72}.Debug|Any CPU.Build.0 = Debug|Any CPU
		{8E7D96EE-1332-43A7-A7AE-3B276AD9DF72}.Debug|x64.ActiveCfg = Debug|Any CPU
		{8E7D96EE-1332-43A7-A7AE-3B276AD9DF72}.Debug|x64.Build.0 = Debug|Any CPU
		{8E7D96EE-1332-43A7-A7AE-3B276AD9DF72}.Debug|x86.ActiveCfg = Debug|Any CPU
		{8E7D96EE-1332-43A7-A7AE-3B276AD9DF72}.Debug|x86.Build.0 = Debug|Any CPU
		{8E7D96EE-1332-43A7-A7AE-3B276AD9DF72}.Release|Any CPU.ActiveCfg = Release|Any CPU
		{8E7D96EE-1332-43A7-A7AE-3B276AD9DF72}.Release|Any CPU.Build.0 = Release|Any CPU
		{8E7D96EE-1332-43A7-A7AE-3B276AD9DF72}.Release|x64.ActiveCfg = Release|Any CPU
		{8E7D96EE-1332-43A7-A7AE-3B276AD9DF72}.Release|x64.Build.0 = Release|Any CPU
		{8E7D96EE-1332-43A7-A7AE-3B276AD9DF72}.Release|x86.ActiveCfg = Release|Any CPU
		{8E7D96EE-1332-43A7-A7AE-3B276AD9DF72}.Release|x86.Build.0 = Release|Any CPU
		{15AAA9B9-F5CB-4080-B030-3615E173A4B0}.Debug|Any CPU.ActiveCfg = Debug|Any CPU
		{15AAA9B9-F5CB-4080-B030-3615E173A4B0}.Debug|Any CPU.Build.0 = Debug|Any CPU
		{15AAA9B9-F5CB-4080-B030-3615E173A4B0}.Debug|x64.ActiveCfg = Debug|Any CPU
		{15AAA9B9-F5CB-4080-B030-3615E173A4B0}.Debug|x64.Build.0 = Debug|Any CPU
		{15AAA9B9-F5CB-4080-B030-3615E173A4B0}.Debug|x86.ActiveCfg = Debug|Any CPU
		{15AAA9B9-F5CB-4080-B030-3615E173A4B0}.Debug|x86.Build.0 = Debug|Any CPU
		{15AAA9B9-F5CB-4080-B030-3615E173A4B0}.Release|Any CPU.ActiveCfg = Release|Any CPU
		{15AAA9B9-F5CB-4080-B030-3615E173A4B0}.Release|Any CPU.Build.0 = Release|Any CPU
		{15AAA9B9-F5CB-4080-B030-3615E173A4B0}.Release|x64.ActiveCfg = Release|Any CPU
		{15AAA9B9-F5CB-4080-B030-3615E173A4B0}.Release|x64.Build.0 = Release|Any CPU
		{15AAA9B9-F5CB-4080-B030-3615E173A4B0}.Release|x86.ActiveCfg = Release|Any CPU
		{15AAA9B9-F5CB-4080-B030-3615E173A4B0}.Release|x86.Build.0 = Release|Any CPU
		{D2434912-4C69-4DB7-B135-55DC7AFC7CEB}.Debug|Any CPU.ActiveCfg = Debug|Any CPU
		{D2434912-4C69-4DB7-B135-55DC7AFC7CEB}.Debug|Any CPU.Build.0 = Debug|Any CPU
		{D2434912-4C69-4DB7-B135-55DC7AFC7CEB}.Debug|x64.ActiveCfg = Debug|Any CPU
		{D2434912-4C69-4DB7-B135-55DC7AFC7CEB}.Debug|x64.Build.0 = Debug|Any CPU
		{D2434912-4C69-4DB7-B135-55DC7AFC7CEB}.Debug|x86.ActiveCfg = Debug|Any CPU
		{D2434912-4C69-4DB7-B135-55DC7AFC7CEB}.Debug|x86.Build.0 = Debug|Any CPU
		{D2434912-4C69-4DB7-B135-55DC7AFC7CEB}.Release|Any CPU.ActiveCfg = Release|Any CPU
		{D2434912-4C69-4DB7-B135-55DC7AFC7CEB}.Release|Any CPU.Build.0 = Release|Any CPU
		{D2434912-4C69-4DB7-B135-55DC7AFC7CEB}.Release|x64.ActiveCfg = Release|Any CPU
		{D2434912-4C69-4DB7-B135-55DC7AFC7CEB}.Release|x64.Build.0 = Release|Any CPU
		{D2434912-4C69-4DB7-B135-55DC7AFC7CEB}.Release|x86.ActiveCfg = Release|Any CPU
		{D2434912-4C69-4DB7-B135-55DC7AFC7CEB}.Release|x86.Build.0 = Release|Any CPU
		{7FDB2095-1DA0-4DFC-BAC8-E8825A1EABAF}.Debug|Any CPU.ActiveCfg = Debug|Any CPU
		{7FDB2095-1DA0-4DFC-BAC8-E8825A1EABAF}.Debug|Any CPU.Build.0 = Debug|Any CPU
		{7FDB2095-1DA0-4DFC-BAC8-E8825A1EABAF}.Debug|x64.ActiveCfg = Debug|Any CPU
		{7FDB2095-1DA0-4DFC-BAC8-E8825A1EABAF}.Debug|x64.Build.0 = Debug|Any CPU
		{7FDB2095-1DA0-4DFC-BAC8-E8825A1EABAF}.Debug|x86.ActiveCfg = Debug|Any CPU
		{7FDB2095-1DA0-4DFC-BAC8-E8825A1EABAF}.Debug|x86.Build.0 = Debug|Any CPU
		{7FDB2095-1DA0-4DFC-BAC8-E8825A1EABAF}.Release|Any CPU.ActiveCfg = Release|Any CPU
		{7FDB2095-1DA0-4DFC-BAC8-E8825A1EABAF}.Release|Any CPU.Build.0 = Release|Any CPU
		{7FDB2095-1DA0-4DFC-BAC8-E8825A1EABAF}.Release|x64.ActiveCfg = Release|Any CPU
		{7FDB2095-1DA0-4DFC-BAC8-E8825A1EABAF}.Release|x64.Build.0 = Release|Any CPU
		{7FDB2095-1DA0-4DFC-BAC8-E8825A1EABAF}.Release|x86.ActiveCfg = Release|Any CPU
		{7FDB2095-1DA0-4DFC-BAC8-E8825A1EABAF}.Release|x86.Build.0 = Release|Any CPU
		{3959DF51-685C-4293-AE35-1FB7D4A9ADEB}.Debug|Any CPU.ActiveCfg = Debug|Any CPU
		{3959DF51-685C-4293-AE35-1FB7D4A9ADEB}.Debug|Any CPU.Build.0 = Debug|Any CPU
		{3959DF51-685C-4293-AE35-1FB7D4A9ADEB}.Debug|x64.ActiveCfg = Debug|Any CPU
		{3959DF51-685C-4293-AE35-1FB7D4A9ADEB}.Debug|x64.Build.0 = Debug|Any CPU
		{3959DF51-685C-4293-AE35-1FB7D4A9ADEB}.Debug|x86.ActiveCfg = Debug|Any CPU
		{3959DF51-685C-4293-AE35-1FB7D4A9ADEB}.Debug|x86.Build.0 = Debug|Any CPU
		{3959DF51-685C-4293-AE35-1FB7D4A9ADEB}.Release|Any CPU.ActiveCfg = Release|Any CPU
		{3959DF51-685C-4293-AE35-1FB7D4A9ADEB}.Release|Any CPU.Build.0 = Release|Any CPU
		{3959DF51-685C-4293-AE35-1FB7D4A9ADEB}.Release|x64.ActiveCfg = Release|Any CPU
		{3959DF51-685C-4293-AE35-1FB7D4A9ADEB}.Release|x64.Build.0 = Release|Any CPU
		{3959DF51-685C-4293-AE35-1FB7D4A9ADEB}.Release|x86.ActiveCfg = Release|Any CPU
		{3959DF51-685C-4293-AE35-1FB7D4A9ADEB}.Release|x86.Build.0 = Release|Any CPU
	EndGlobalSection
	GlobalSection(SolutionProperties) = preSolution
		HideSolutionNode = FALSE
	EndGlobalSection
	GlobalSection(NestedProjects) = preSolution
		{EC447DCF-ABFA-6E24-52A5-D7FD48A5C558} = {827E0CD3-B72D-47B6-A68D-7590B98EB39B}
		{CFD98C11-0354-2BE4-4011-BD6AEF12219D} = {EC447DCF-ABFA-6E24-52A5-D7FD48A5C558}
		{051D9E34-CC0C-4D35-9B2B-32DFEB96E742} = {CFD98C11-0354-2BE4-4011-BD6AEF12219D}
		{8E7D96EE-1332-43A7-A7AE-3B276AD9DF72} = {CFD98C11-0354-2BE4-4011-BD6AEF12219D}
		{15AAA9B9-F5CB-4080-B030-3615E173A4B0} = {CFD98C11-0354-2BE4-4011-BD6AEF12219D}
		{D2434912-4C69-4DB7-B135-55DC7AFC7CEB} = {CFD98C11-0354-2BE4-4011-BD6AEF12219D}
		{7FDB2095-1DA0-4DFC-BAC8-E8825A1EABAF} = {CFD98C11-0354-2BE4-4011-BD6AEF12219D}
		{3959DF51-685C-4293-AE35-1FB7D4A9ADEB} = {CFD98C11-0354-2BE4-4011-BD6AEF12219D}
	EndGlobalSection
EndGlobal
